
Microsoft Visual Studio Solution File, Format Version 12.00
# Visual Studio Version 17
VisualStudioVersion = 17.8.34330.188
MinimumVisualStudioVersion = 10.0.40219.1
Project("{FAE04EC0-301F-11D3-BF4B-00C04F79EFBC}") = "Phase4Project1", "Phase4Project1\Phase4Project1.csproj", "{765C0317-B0A0-4512-B6D6-CC736C54664C}"
EndProject
Project("{FAE04EC0-301F-11D3-BF4B-00C04F79EFBC}") = "ClassLibrary", "ClassLibrary1\ClassLibrary.csproj", "{30F89F59-746E-4FEE-B888-C5CF538F0136}"
EndProject
Global
	GlobalSection(SolutionConfigurationPlatforms) = preSolution
		Debug|Any CPU = Debug|Any CPU
		Release|Any CPU = Release|Any CPU
	EndGlobalSection
	GlobalSection(ProjectConfigurationPlatforms) = postSolution
		{765C0317-B0A0-4512-B6D6-CC736C54664C}.Debug|Any CPU.ActiveCfg = Debug|Any CPU
		{765C0317-B0A0-4512-B6D6-CC736C54664C}.Debug|Any CPU.Build.0 = Debug|Any CPU
		{765C0317-B0A0-4512-B6D6-CC736C54664C}.Release|Any CPU.ActiveCfg = Release|Any CPU
		{765C0317-B0A0-4512-B6D6-CC736C54664C}.Release|Any CPU.Build.0 = Release|Any CPU
		{30F89F59-746E-4FEE-B888-C5CF538F0136}.Debug|Any CPU.ActiveCfg = Debug|Any CPU
		{30F89F59-746E-4FEE-B888-C5CF538F0136}.Debug|Any CPU.Build.0 = Debug|Any CPU
		{30F89F59-746E-4FEE-B888-C5CF538F0136}.Release|Any CPU.ActiveCfg = Release|Any CPU
		{30F89F59-746E-4FEE-B888-C5CF538F0136}.Release|Any CPU.Build.0 = Release|Any CPU
	EndGlobalSection
	GlobalSection(SolutionProperties) = preSolution
		HideSolutionNode = FALSE
	EndGlobalSection
	GlobalSection(ExtensibilityGlobals) = postSolution
		SolutionGuid = {1BA8B8F4-810A-4282-876E-180940434F35}
	EndGlobalSection
EndGlobal
